// !$*UTF8*$!
{
	archiveVersion = 1;
	classes = {
	};
	objectVersion = 51;
	objects = {

/* Begin PBXBuildFile section */
		B32AAB5918120C844B467E56 /* Pods_Todoey.framework in Frameworks */ = {isa = PBXBuildFile; fileRef = 3AAA122BED768B20166B0946 /* Pods_Todoey.framework */; };
		C0F32671234A81DD009A32F7 /* CategoryItem.swift in Sources */ = {isa = PBXBuildFile; fileRef = C0F32670234A81DD009A32F7 /* CategoryItem.swift */; };
		C0F32673234A81FB009A32F7 /* TodoItem.swift in Sources */ = {isa = PBXBuildFile; fileRef = C0F32672234A81FB009A32F7 /* TodoItem.swift */; };
		C0F63ADF2347A42200312671 /* AppDelegate.swift in Sources */ = {isa = PBXBuildFile; fileRef = C0F63ADE2347A42200312671 /* AppDelegate.swift */; };
		C0F63AE12347A42200312671 /* TodoListViewController.swift in Sources */ = {isa = PBXBuildFile; fileRef = C0F63AE02347A42200312671 /* TodoListViewController.swift */; };
		C0F63AE42347A42200312671 /* Main.storyboard in Resources */ = {isa = PBXBuildFile; fileRef = C0F63AE22347A42200312671 /* Main.storyboard */; };
		C0F63AE62347A42B00312671 /* Assets.xcassets in Resources */ = {isa = PBXBuildFile; fileRef = C0F63AE52347A42B00312671 /* Assets.xcassets */; };
		C0F63AE92347A42B00312671 /* LaunchScreen.storyboard in Resources */ = {isa = PBXBuildFile; fileRef = C0F63AE72347A42B00312671 /* LaunchScreen.storyboard */; };
		C7196A6C235B2065008A98DB /* CategoryViewController.swift in Sources */ = {isa = PBXBuildFile; fileRef = C7196A6B235B2065008A98DB /* CategoryViewController.swift */; };
		C7196A6E235B734C008A98DB /* SwipeableCellViewController.swift in Sources */ = {isa = PBXBuildFile; fileRef = C7196A6D235B734C008A98DB /* SwipeableCellViewController.swift */; };
/* End PBXBuildFile section */

/* Begin PBXFileReference section */
		0BF5565329D8AC4BF752C202 /* Pods-Todoey.release.xcconfig */ = {isa = PBXFileReference; includeInIndex = 1; lastKnownFileType = text.xcconfig; name = "Pods-Todoey.release.xcconfig"; path = "Target Support Files/Pods-Todoey/Pods-Todoey.release.xcconfig"; sourceTree = "<group>"; };
		3AAA122BED768B20166B0946 /* Pods_Todoey.framework */ = {isa = PBXFileReference; explicitFileType = wrapper.framework; includeInIndex = 0; path = Pods_Todoey.framework; sourceTree = BUILT_PRODUCTS_DIR; };
		C0F32670234A81DD009A32F7 /* CategoryItem.swift */ = {isa = PBXFileReference; lastKnownFileType = sourcecode.swift; path = CategoryItem.swift; sourceTree = "<group>"; };
		C0F32672234A81FB009A32F7 /* TodoItem.swift */ = {isa = PBXFileReference; lastKnownFileType = sourcecode.swift; path = TodoItem.swift; sourceTree = "<group>"; };
		C0F63ADB2347A42200312671 /* Todoey.app */ = {isa = PBXFileReference; explicitFileType = wrapper.application; includeInIndex = 0; path = Todoey.app; sourceTree = BUILT_PRODUCTS_DIR; };
		C0F63ADE2347A42200312671 /* AppDelegate.swift */ = {isa = PBXFileReference; lastKnownFileType = sourcecode.swift; path = AppDelegate.swift; sourceTree = "<group>"; };
		C0F63AE02347A42200312671 /* TodoListViewController.swift */ = {isa = PBXFileReference; lastKnownFileType = sourcecode.swift; path = TodoListViewController.swift; sourceTree = "<group>"; };
		C0F63AE32347A42200312671 /* Base */ = {isa = PBXFileReference; lastKnownFileType = file.storyboard; name = Base; path = Base.lproj/Main.storyboard; sourceTree = "<group>"; };
		C0F63AE52347A42B00312671 /* Assets.xcassets */ = {isa = PBXFileReference; lastKnownFileType = folder.assetcatalog; path = Assets.xcassets; sourceTree = "<group>"; };
		C0F63AE82347A42B00312671 /* Base */ = {isa = PBXFileReference; lastKnownFileType = file.storyboard; name = Base; path = Base.lproj/LaunchScreen.storyboard; sourceTree = "<group>"; };
		C0F63AEA2347A42B00312671 /* Info.plist */ = {isa = PBXFileReference; lastKnownFileType = text.plist.xml; path = Info.plist; sourceTree = "<group>"; };
		C7196A6B235B2065008A98DB /* CategoryViewController.swift */ = {isa = PBXFileReference; lastKnownFileType = sourcecode.swift; path = CategoryViewController.swift; sourceTree = "<group>"; };
		C7196A6D235B734C008A98DB /* SwipeableCellViewController.swift */ = {isa = PBXFileReference; lastKnownFileType = sourcecode.swift; path = SwipeableCellViewController.swift; sourceTree = "<group>"; };
		FDC63297E2D65E4663211EEC /* Pods-Todoey.debug.xcconfig */ = {isa = PBXFileReference; includeInIndex = 1; lastKnownFileType = text.xcconfig; name = "Pods-Todoey.debug.xcconfig"; path = "Target Support Files/Pods-Todoey/Pods-Todoey.debug.xcconfig"; sourceTree = "<group>"; };
/* End PBXFileReference section */

/* Begin PBXFrameworksBuildPhase section */
		C0F63AD82347A42200312671 /* Frameworks */ = {
			isa = PBXFrameworksBuildPhase;
			buildActionMask = 2147483647;
			files = (
				B32AAB5918120C844B467E56 /* Pods_Todoey.framework in Frameworks */,
			);
			runOnlyForDeploymentPostprocessing = 0;
		};
/* End PBXFrameworksBuildPhase section */

/* Begin PBXGroup section */
		32DBB569D227297E8758B7E8 /* Frameworks */ = {
			isa = PBXGroup;
			children = (
				3AAA122BED768B20166B0946 /* Pods_Todoey.framework */,
			);
			name = Frameworks;
			sourceTree = "<group>";
		};
		C0F63AD22347A42100312671 = {
			isa = PBXGroup;
			children = (
				C0F63ADD2347A42200312671 /* Todoey */,
				C0F63ADC2347A42200312671 /* Products */,
				D61090A861997B3A9CB15142 /* Pods */,
				32DBB569D227297E8758B7E8 /* Frameworks */,
			);
			sourceTree = "<group>";
		};
		C0F63ADC2347A42200312671 /* Products */ = {
			isa = PBXGroup;
			children = (
				C0F63ADB2347A42200312671 /* Todoey.app */,
			);
			name = Products;
			sourceTree = "<group>";
		};
		C0F63ADD2347A42200312671 /* Todoey */ = {
			isa = PBXGroup;
			children = (
				C0F63AF42347C9BD00312671 /* Controllers */,
				C0F63AF32347C9B500312671 /* Models */,
				C0F63AF22347C9AB00312671 /* Views */,
				C0F63ADE2347A42200312671 /* AppDelegate.swift */,
				C0F63AF52347C9FA00312671 /* Supporting Files */,
				C0F63AEA2347A42B00312671 /* Info.plist */,
			);
			path = Todoey;
			sourceTree = "<group>";
		};
		C0F63AF22347C9AB00312671 /* Views */ = {
			isa = PBXGroup;
			children = (
				C0F63AE22347A42200312671 /* Main.storyboard */,
			);
			path = Views;
			sourceTree = "<group>";
		};
		C0F63AF32347C9B500312671 /* Models */ = {
			isa = PBXGroup;
			children = (
				C0F32670234A81DD009A32F7 /* CategoryItem.swift */,
				C0F32672234A81FB009A32F7 /* TodoItem.swift */,
			);
			path = Models;
			sourceTree = "<group>";
		};
		C0F63AF42347C9BD00312671 /* Controllers */ = {
			isa = PBXGroup;
			children = (
				C0F63AE02347A42200312671 /* TodoListViewController.swift */,
				C7196A6B235B2065008A98DB /* CategoryViewController.swift */,
				C7196A6D235B734C008A98DB /* SwipeableCellViewController.swift */,
			);
			path = Controllers;
			sourceTree = "<group>";
		};
		C0F63AF52347C9FA00312671 /* Supporting Files */ = {
			isa = PBXGroup;
			children = (
				C0F63AE52347A42B00312671 /* Assets.xcassets */,
				C0F63AE72347A42B00312671 /* LaunchScreen.storyboard */,
			);
			path = "Supporting Files";
			sourceTree = "<group>";
		};
		D61090A861997B3A9CB15142 /* Pods */ = {
			isa = PBXGroup;
			children = (
				FDC63297E2D65E4663211EEC /* Pods-Todoey.debug.xcconfig */,
				0BF5565329D8AC4BF752C202 /* Pods-Todoey.release.xcconfig */,
			);
			path = Pods;
			sourceTree = "<group>";
		};
/* End PBXGroup section */

/* Begin PBXNativeTarget section */
		C0F63ADA2347A42200312671 /* Todoey */ = {
			isa = PBXNativeTarget;
			buildConfigurationList = C0F63AED2347A42B00312671 /* Build configuration list for PBXNativeTarget "Todoey" */;
			buildPhases = (
				8CCF25041BD8AF49F4CA7687 /* [CP] Check Pods Manifest.lock */,
				C0F63AD72347A42200312671 /* Sources */,
				C0F63AD82347A42200312671 /* Frameworks */,
				C0F63AD92347A42200312671 /* Resources */,
				D9886B1D6DF8A431E0C3126D /* [CP] Embed Pods Frameworks */,
			);
			buildRules = (
			);
			dependencies = (
			);
			name = Todoey;
			productName = Todoey;
			productReference = C0F63ADB2347A42200312671 /* Todoey.app */;
			productType = "com.apple.product-type.application";
		};
/* End PBXNativeTarget section */

/* Begin PBXProject section */
		C0F63AD32347A42200312671 /* Project object */ = {
			isa = PBXProject;
			attributes = {
				LastSwiftUpdateCheck = 1030;
				LastUpgradeCheck = 1030;
				ORGANIZATIONNAME = "Martynas Narijauskas";
				TargetAttributes = {
					C0F63ADA2347A42200312671 = {
						CreatedOnToolsVersion = 10.3;
					};
				};
			};
			buildConfigurationList = C0F63AD62347A42200312671 /* Build configuration list for PBXProject "Todoey" */;
			compatibilityVersion = "Xcode 9.3";
			developmentRegion = en;
			hasScannedForEncodings = 0;
			knownRegions = (
				en,
				Base,
			);
			mainGroup = C0F63AD22347A42100312671;
			productRefGroup = C0F63ADC2347A42200312671 /* Products */;
			projectDirPath = "";
			projectRoot = "";
			targets = (
				C0F63ADA2347A42200312671 /* Todoey */,
			);
		};
/* End PBXProject section */

/* Begin PBXResourcesBuildPhase section */
		C0F63AD92347A42200312671 /* Resources */ = {
			isa = PBXResourcesBuildPhase;
			buildActionMask = 2147483647;
			files = (
				C0F63AE92347A42B00312671 /* LaunchScreen.storyboard in Resources */,
				C0F63AE62347A42B00312671 /* Assets.xcassets in Resources */,
				C0F63AE42347A42200312671 /* Main.storyboard in Resources */,
			);
			runOnlyForDeploymentPostprocessing = 0;
		};
/* End PBXResourcesBuildPhase section */

/* Begin PBXShellScriptBuildPhase section */
		8CCF25041BD8AF49F4CA7687 /* [CP] Check Pods Manifest.lock */ = {
			isa = PBXShellScriptBuildPhase;
			buildActionMask = 2147483647;
			files = (
			);
			inputFileListPaths = (
			);
			inputPaths = (
				"${PODS_PODFILE_DIR_PATH}/Podfile.lock",
				"${PODS_ROOT}/Manifest.lock",
			);
			name = "[CP] Check Pods Manifest.lock";
			outputFileListPaths = (
			);
			outputPaths = (
				"$(DERIVED_FILE_DIR)/Pods-Todoey-checkManifestLockResult.txt",
			);
			runOnlyForDeploymentPostprocessing = 0;
			shellPath = /bin/sh;
			shellScript = "diff \"${PODS_PODFILE_DIR_PATH}/Podfile.lock\" \"${PODS_ROOT}/Manifest.lock\" > /dev/null\nif [ $? != 0 ] ; then\n    # print error to STDERR\n    echo \"error: The sandbox is not in sync with the Podfile.lock. Run 'pod install' or update your CocoaPods installation.\" >&2\n    exit 1\nfi\n# This output is used by Xcode 'outputs' to avoid re-running this script phase.\necho \"SUCCESS\" > \"${SCRIPT_OUTPUT_FILE_0}\"\n";
			showEnvVarsInLog = 0;
		};
		D9886B1D6DF8A431E0C3126D /* [CP] Embed Pods Frameworks */ = {
			isa = PBXShellScriptBuildPhase;
			buildActionMask = 2147483647;
			files = (
			);
			inputFileListPaths = (
				"${PODS_ROOT}/Target Support Files/Pods-Todoey/Pods-Todoey-frameworks-${CONFIGURATION}-input-files.xcfilelist",
			);
			name = "[CP] Embed Pods Frameworks";
			outputFileListPaths = (
				"${PODS_ROOT}/Target Support Files/Pods-Todoey/Pods-Todoey-frameworks-${CONFIGURATION}-output-files.xcfilelist",
			);
			runOnlyForDeploymentPostprocessing = 0;
			shellPath = /bin/sh;
			shellScript = "\"${PODS_ROOT}/Target Support Files/Pods-Todoey/Pods-Todoey-frameworks.sh\"\n";
			showEnvVarsInLog = 0;
		};
/* End PBXShellScriptBuildPhase section */

/* Begin PBXSourcesBuildPhase section */
		C0F63AD72347A42200312671 /* Sources */ = {
			isa = PBXSourcesBuildPhase;
			buildActionMask = 2147483647;
			files = (
				C7196A6C235B2065008A98DB /* CategoryViewController.swift in Sources */,
				C0F63AE12347A42200312671 /* TodoListViewController.swift in Sources */,
				C0F63ADF2347A42200312671 /* AppDelegate.swift in Sources */,
				C0F32671234A81DD009A32F7 /* CategoryItem.swift in Sources */,
				C0F32673234A81FB009A32F7 /* TodoItem.swift in Sources */,
				C7196A6E235B734C008A98DB /* SwipeableCellViewController.swift in Sources */,
			);
			runOnlyForDeploymentPostprocessing = 0;
		};
/* End PBXSourcesBuildPhase section */

/* Begin PBXVariantGroup section */
		C0F63AE22347A42200312671 /* Main.storyboard */ = {
			isa = PBXVariantGroup;
			children = (
				C0F63AE32347A42200312671 /* Base */,
			);
			name = Main.storyboard;
			sourceTree = "<group>";
		};
		C0F63AE72347A42B00312671 /* LaunchScreen.storyboard */ = {
			isa = PBXVariantGroup;
			children = (
				C0F63AE82347A42B00312671 /* Base */,
			);
			name = LaunchScreen.storyboard;
			sourceTree = "<group>";
		};
/* End PBXVariantGroup section */

/* Begin XCBuildConfiguration section */
		C0F63AEB2347A42B00312671 /* Debug */ = {
			isa = XCBuildConfiguration;
			buildSettings = {
				ALWAYS_SEARCH_USER_PATHS = NO;
				CLANG_ANALYZER_NONNULL = YES;
				CLANG_ANALYZER_NUMBER_OBJECT_CONVERSION = YES_AGGRESSIVE;
				CLANG_CXX_LANGUAGE_STANDARD = "gnu++14";
				CLANG_CXX_LIBRARY = "libc++";
				CLANG_ENABLE_MODULES = YES;
				CLANG_ENABLE_OBJC_ARC = YES;
				CLANG_ENABLE_OBJC_WEAK = YES;
				CLANG_WARN_BLOCK_CAPTURE_AUTORELEASING = YES;
				CLANG_WARN_BOOL_CONVERSION = YES;
				CLANG_WARN_COMMA = YES;
				CLANG_WARN_CONSTANT_CONVERSION = YES;
				CLANG_WARN_DEPRECATED_OBJC_IMPLEMENTATIONS = YES;
				CLANG_WARN_DIRECT_OBJC_ISA_USAGE = YES_ERROR;
				CLANG_WARN_DOCUMENTATION_COMMENTS = YES;
				CLANG_WARN_EMPTY_BODY = YES;
				CLANG_WARN_ENUM_CONVERSION = YES;
				CLANG_WARN_INFINITE_RECURSION = YES;
				CLANG_WARN_INT_CONVERSION = YES;
				CLANG_WARN_NON_LITERAL_NULL_CONVERSION = YES;
				CLANG_WARN_OBJC_IMPLICIT_RETAIN_SELF = YES;
				CLANG_WARN_OBJC_LITERAL_CONVERSION = YES;
				CLANG_WARN_OBJC_ROOT_CLASS = YES_ERROR;
				CLANG_WARN_RANGE_LOOP_ANALYSIS = YES;
				CLANG_WARN_STRICT_PROTOTYPES = YES;
				CLANG_WARN_SUSPICIOUS_MOVE = YES;
				CLANG_WARN_UNGUARDED_AVAILABILITY = YES_AGGRESSIVE;
				CLANG_WARN_UNREACHABLE_CODE = YES;
				CLANG_WARN__DUPLICATE_METHOD_MATCH = YES;
				CODE_SIGN_IDENTITY = "iPhone Developer";
				COPY_PHASE_STRIP = NO;
				DEBUG_INFORMATION_FORMAT = dwarf;
				ENABLE_STRICT_OBJC_MSGSEND = YES;
				ENABLE_TESTABILITY = YES;
				GCC_C_LANGUAGE_STANDARD = gnu11;
				GCC_DYNAMIC_NO_PIC = NO;
				GCC_NO_COMMON_BLOCKS = YES;
				GCC_OPTIMIZATION_LEVEL = 0;
				GCC_PREPROCESSOR_DEFINITIONS = (
					"DEBUG=1",
					"$(inherited)",
				);
				GCC_WARN_64_TO_32_BIT_CONVERSION = YES;
				GCC_WARN_ABOUT_RETURN_TYPE = YES_ERROR;
				GCC_WARN_UNDECLARED_SELECTOR = YES;
				GCC_WARN_UNINITIALIZED_AUTOS = YES_AGGRESSIVE;
				GCC_WARN_UNUSED_FUNCTION = YES;
				GCC_WARN_UNUSED_VARIABLE = YES;
				IPHONEOS_DEPLOYMENT_TARGET = 12.4;
				MTL_ENABLE_DEBUG_INFO = INCLUDE_SOURCE;
				MTL_FAST_MATH = YES;
				ONLY_ACTIVE_ARCH = YES;
				SDKROOT = iphoneos;
				SWIFT_ACTIVE_COMPILATION_CONDITIONS = DEBUG;
				SWIFT_OPTIMIZATION_LEVEL = "-Onone";
			};
			name = Debug;
		};
		C0F63AEC2347A42B00312671 /* Release */ = {
			isa = XCBuildConfiguration;
			buildSettings = {
				ALWAYS_SEARCH_USER_PATHS = NO;
				CLANG_ANALYZER_NONNULL = YES;
				CLANG_ANALYZER_NUMBER_OBJECT_CONVERSION = YES_AGGRESSIVE;
				CLANG_CXX_LANGUAGE_STANDARD = "gnu++14";
				CLANG_CXX_LIBRARY = "libc++";
				CLANG_ENABLE_MODULES = YES;
				CLANG_ENABLE_OBJC_ARC = YES;
				CLANG_ENABLE_OBJC_WEAK = YES;
				CLANG_WARN_BLOCK_CAPTURE_AUTORELEASING = YES;
				CLANG_WARN_BOOL_CONVERSION = YES;
				CLANG_WARN_COMMA = YES;
				CLANG_WARN_CONSTANT_CONVERSION = YES;
				CLANG_WARN_DEPRECATED_OBJC_IMPLEMENTATIONS = YES;
				CLANG_WARN_DIRECT_OBJC_ISA_USAGE = YES_ERROR;
				CLANG_WARN_DOCUMENTATION_COMMENTS = YES;
				CLANG_WARN_EMPTY_BODY = YES;
				CLANG_WARN_ENUM_CONVERSION = YES;
				CLANG_WARN_INFINITE_RECURSION = YES;
				CLANG_WARN_INT_CONVERSION = YES;
				CLANG_WARN_NON_LITERAL_NULL_CONVERSION = YES;
				CLANG_WARN_OBJC_IMPLICIT_RETAIN_SELF = YES;
				CLANG_WARN_OBJC_LITERAL_CONVERSION = YES;
				CLANG_WARN_OBJC_ROOT_CLASS = YES_ERROR;
				CLANG_WARN_RANGE_LOOP_ANALYSIS = YES;
				CLANG_WARN_STRICT_PROTOTYPES = YES;
				CLANG_WARN_SUSPICIOUS_MOVE = YES;
				CLANG_WARN_UNGUARDED_AVAILABILITY = YES_AGGRESSIVE;
				CLANG_WARN_UNREACHABLE_CODE = YES;
				CLANG_WARN__DUPLICATE_METHOD_MATCH = YES;
				CODE_SIGN_IDENTITY = "iPhone Developer";
				COPY_PHASE_STRIP = NO;
				DEBUG_INFORMATION_FORMAT = "dwarf-with-dsym";
				ENABLE_NS_ASSERTIONS = NO;
				ENABLE_STRICT_OBJC_MSGSEND = YES;
				GCC_C_LANGUAGE_STANDARD = gnu11;
				GCC_NO_COMMON_BLOCKS = YES;
				GCC_WARN_64_TO_32_BIT_CONVERSION = YES;
				GCC_WARN_ABOUT_RETURN_TYPE = YES_ERROR;
				GCC_WARN_UNDECLARED_SELECTOR = YES;
				GCC_WARN_UNINITIALIZED_AUTOS = YES_AGGRESSIVE;
				GCC_WARN_UNUSED_FUNCTION = YES;
				GCC_WARN_UNUSED_VARIABLE = YES;
				IPHONEOS_DEPLOYMENT_TARGET = 12.4;
				MTL_ENABLE_DEBUG_INFO = NO;
				MTL_FAST_MATH = YES;
				SDKROOT = iphoneos;
				SWIFT_COMPILATION_MODE = wholemodule;
				SWIFT_OPTIMIZATION_LEVEL = "-O";
				VALIDATE_PRODUCT = YES;
			};
			name = Release;
		};
		C0F63AEE2347A42B00312671 /* Debug */ = {
			isa = XCBuildConfiguration;
			baseConfigurationReference = FDC63297E2D65E4663211EEC /* Pods-Todoey.debug.xcconfig */;
			buildSettings = {
				ASSETCATALOG_COMPILER_APPICON_NAME = AppIcon;
				CODE_SIGN_STYLE = Automatic;
				DEVELOPMENT_TEAM = 5ZKQTJL4C8;
				INFOPLIST_FILE = Todoey/Info.plist;
				LD_RUNPATH_SEARCH_PATHS = (
					"$(inherited)",
					"@executable_path/Frameworks",
				);
				PRODUCT_BUNDLE_IDENTIFIER = com.Martynas.Todoey;
				PRODUCT_NAME = "$(TARGET_NAME)";
				SWIFT_VERSION = 5.0;
				TARGETED_DEVICE_FAMILY = "1,2";
			};
			name = Debug;
		};
		C0F63AEF2347A42B00312671 /* Release */ = {
			isa = XCBuildConfiguration;
			baseConfigurationReference = 0BF5565329D8AC4BF752C202 /* Pods-Todoey.release.xcconfig */;
			buildSettings = {
				ASSETCATALOG_COMPILER_APPICON_NAME = AppIcon;
				CODE_SIGN_STYLE = Automatic;
				DEVELOPMENT_TEAM = 5ZKQTJL4C8;
				INFOPLIST_FILE = Todoey/Info.plist;
				LD_RUNPATH_SEARCH_PATHS = (
					"$(inherited)",
					"@executable_path/Frameworks",
				);
				PRODUCT_BUNDLE_IDENTIFIER = com.Martynas.Todoey;
				PRODUCT_NAME = "$(TARGET_NAME)";
				SWIFT_VERSION = 5.0;
				TARGETED_DEVICE_FAMILY = "1,2";
			};
			name = Release;
		};
/* End XCBuildConfiguration section */

/* Begin XCConfigurationList section */
		C0F63AD62347A42200312671 /* Build configuration list for PBXProject "Todoey" */ = {
			isa = XCConfigurationList;
			buildConfigurations = (
				C0F63AEB2347A42B00312671 /* Debug */,
				C0F63AEC2347A42B00312671 /* Release */,
			);
			defaultConfigurationIsVisible = 0;
			defaultConfigurationName = Release;
		};
		C0F63AED2347A42B00312671 /* Build configuration list for PBXNativeTarget "Todoey" */ = {
			isa = XCConfigurationList;
			buildConfigurations = (
				C0F63AEE2347A42B00312671 /* Debug */,
				C0F63AEF2347A42B00312671 /* Release */,
			);
			defaultConfigurationIsVisible = 0;
			defaultConfigurationName = Release;
		};
/* End XCConfigurationList section */
	};
	rootObject = C0F63AD32347A42200312671 /* Project object */;
}
