// !$*UTF8*$!
{
	archiveVersion = 1;
	classes = {
	};
	objectVersion = 50;
	objects = {

/* Begin PBXBuildFile section */
		C0E9E5C52327EBFF000FA5EC /* AppDelegate.swift in Sources */ = {isa = PBXBuildFile; fileRef = C0E9E5C42327EBFF000FA5EC /* AppDelegate.swift */; };
		C0E9E5C72327EBFF000FA5EC /* ViewController.swift in Sources */ = {isa = PBXBuildFile; fileRef = C0E9E5C62327EBFF000FA5EC /* ViewController.swift */; };
		C0E9E5CA2327EBFF000FA5EC /* Main.storyboard in Resources */ = {isa = PBXBuildFile; fileRef = C0E9E5C82327EBFF000FA5EC /* Main.storyboard */; };
		C0E9E5CC2327EC09000FA5EC /* Assets.xcassets in Resources */ = {isa = PBXBuildFile; fileRef = C0E9E5CB2327EC09000FA5EC /* Assets.xcassets */; };
		C0E9E5CF2327EC09000FA5EC /* LaunchScreen.storyboard in Resources */ = {isa = PBXBuildFile; fileRef = C0E9E5CD2327EC09000FA5EC /* LaunchScreen.storyboard */; };
/* End PBXBuildFile section */

/* Begin PBXFileReference section */
		C0E9E5C12327EBFF000FA5EC /* I am rich.app */ = {isa = PBXFileReference; explicitFileType = wrapper.application; includeInIndex = 0; path = "I am rich.app"; sourceTree = BUILT_PRODUCTS_DIR; };
		C0E9E5C42327EBFF000FA5EC /* AppDelegate.swift */ = {isa = PBXFileReference; lastKnownFileType = sourcecode.swift; path = AppDelegate.swift; sourceTree = "<group>"; };
		C0E9E5C62327EBFF000FA5EC /* ViewController.swift */ = {isa = PBXFileReference; lastKnownFileType = sourcecode.swift; path = ViewController.swift; sourceTree = "<group>"; };
		C0E9E5C92327EBFF000FA5EC /* Base */ = {isa = PBXFileReference; lastKnownFileType = file.storyboard; name = Base; path = Base.lproj/Main.storyboard; sourceTree = "<group>"; };
		C0E9E5CB2327EC09000FA5EC /* Assets.xcassets */ = {isa = PBXFileReference; lastKnownFileType = folder.assetcatalog; path = Assets.xcassets; sourceTree = "<group>"; };
		C0E9E5CE2327EC09000FA5EC /* Base */ = {isa = PBXFileReference; lastKnownFileType = file.storyboard; name = Base; path = Base.lproj/LaunchScreen.storyboard; sourceTree = "<group>"; };
		C0E9E5D02327EC09000FA5EC /* Info.plist */ = {isa = PBXFileReference; lastKnownFileType = text.plist.xml; path = Info.plist; sourceTree = "<group>"; };
/* End PBXFileReference section */

/* Begin PBXFrameworksBuildPhase section */
		C0E9E5BE2327EBFF000FA5EC /* Frameworks */ = {
			isa = PBXFrameworksBuildPhase;
			buildActionMask = 2147483647;
			files = (
			);
			runOnlyForDeploymentPostprocessing = 0;
		};
/* End PBXFrameworksBuildPhase section */

/* Begin PBXGroup section */
		C0E9E5B82327EBFF000FA5EC = {
			isa = PBXGroup;
			children = (
				C0E9E5C32327EBFF000FA5EC /* I am rich */,
				C0E9E5C22327EBFF000FA5EC /* Products */,
			);
			sourceTree = "<group>";
		};
		C0E9E5C22327EBFF000FA5EC /* Products */ = {
			isa = PBXGroup;
			children = (
				C0E9E5C12327EBFF000FA5EC /* I am rich.app */,
			);
			name = Products;
			sourceTree = "<group>";
		};
		C0E9E5C32327EBFF000FA5EC /* I am rich */ = {
			isa = PBXGroup;
			children = (
				C0E9E5C42327EBFF000FA5EC /* AppDelegate.swift */,
				C0E9E5C62327EBFF000FA5EC /* ViewController.swift */,
				C0E9E5C82327EBFF000FA5EC /* Main.storyboard */,
				C0E9E5CB2327EC09000FA5EC /* Assets.xcassets */,
				C0E9E5CD2327EC09000FA5EC /* LaunchScreen.storyboard */,
				C0E9E5D02327EC09000FA5EC /* Info.plist */,
			);
			path = "I am rich";
			sourceTree = "<group>";
		};
/* End PBXGroup section */

/* Begin PBXNativeTarget section */
		C0E9E5C02327EBFF000FA5EC /* I am rich */ = {
			isa = PBXNativeTarget;
			buildConfigurationList = C0E9E5D32327EC09000FA5EC /* Build configuration list for PBXNativeTarget "I am rich" */;
			buildPhases = (
				C0E9E5BD2327EBFF000FA5EC /* Sources */,
				C0E9E5BE2327EBFF000FA5EC /* Frameworks */,
				C0E9E5BF2327EBFF000FA5EC /* Resources */,
			);
			buildRules = (
			);
			dependencies = (
			);
			name = "I am rich";
			productName = "I am rich";
			productReference = C0E9E5C12327EBFF000FA5EC /* I am rich.app */;
			productType = "com.apple.product-type.application";
		};
/* End PBXNativeTarget section */

/* Begin PBXProject section */
		C0E9E5B92327EBFF000FA5EC /* Project object */ = {
			isa = PBXProject;
			attributes = {
				LastSwiftUpdateCheck = 1030;
				LastUpgradeCheck = 1030;
				ORGANIZATIONNAME = "Martynas Narijauskas";
				TargetAttributes = {
					C0E9E5C02327EBFF000FA5EC = {
						CreatedOnToolsVersion = 10.3;
					};
				};
			};
			buildConfigurationList = C0E9E5BC2327EBFF000FA5EC /* Build configuration list for PBXProject "I am rich" */;
			compatibilityVersion = "Xcode 9.3";
			developmentRegion = en;
			hasScannedForEncodings = 0;
			knownRegions = (
				en,
				Base,
			);
			mainGroup = C0E9E5B82327EBFF000FA5EC;
			productRefGroup = C0E9E5C22327EBFF000FA5EC /* Products */;
			projectDirPath = "";
			projectRoot = "";
			targets = (
				C0E9E5C02327EBFF000FA5EC /* I am rich */,
			);
		};
/* End PBXProject section */

/* Begin PBXResourcesBuildPhase section */
		C0E9E5BF2327EBFF000FA5EC /* Resources */ = {
			isa = PBXResourcesBuildPhase;
			buildActionMask = 2147483647;
			files = (
				C0E9E5CF2327EC09000FA5EC /* LaunchScreen.storyboard in Resources */,
				C0E9E5CC2327EC09000FA5EC /* Assets.xcassets in Resources */,
				C0E9E5CA2327EBFF000FA5EC /* Main.storyboard in Resources */,
			);
			runOnlyForDeploymentPostprocessing = 0;
		};
/* End PBXResourcesBuildPhase section */

/* Begin PBXSourcesBuildPhase section */
		C0E9E5BD2327EBFF000FA5EC /* Sources */ = {
			isa = PBXSourcesBuildPhase;
			buildActionMask = 2147483647;
			files = (
				C0E9E5C72327EBFF000FA5EC /* ViewController.swift in Sources */,
				C0E9E5C52327EBFF000FA5EC /* AppDelegate.swift in Sources */,
			);
			runOnlyForDeploymentPostprocessing = 0;
		};
/* End PBXSourcesBuildPhase section */

/* Begin PBXVariantGroup section */
		C0E9E5C82327EBFF000FA5EC /* Main.storyboard */ = {
			isa = PBXVariantGroup;
			children = (
				C0E9E5C92327EBFF000FA5EC /* Base */,
			);
			name = Main.storyboard;
			sourceTree = "<group>";
		};
		C0E9E5CD2327EC09000FA5EC /* LaunchScreen.storyboard */ = {
			isa = PBXVariantGroup;
			children = (
				C0E9E5CE2327EC09000FA5EC /* Base */,
			);
			name = LaunchScreen.storyboard;
			sourceTree = "<group>";
		};
/* End PBXVariantGroup section */

/* Begin XCBuildConfiguration section */
		C0E9E5D12327EC09000FA5EC /* Debug */ = {
			isa = XCBuildConfiguration;
			buildSettings = {
				ALWAYS_SEARCH_USER_PATHS = NO;
				CLANG_ANALYZER_NONNULL = YES;
				CLANG_ANALYZER_NUMBER_OBJECT_CONVERSION = YES_AGGRESSIVE;
				CLANG_CXX_LANGUAGE_STANDARD = "gnu++14";
				CLANG_CXX_LIBRARY = "libc++";
				CLANG_ENABLE_MODULES = YES;
				CLANG_ENABLE_OBJC_ARC = YES;
				CLANG_ENABLE_OBJC_WEAK = YES;
				CLANG_WARN_BLOCK_CAPTURE_AUTORELEASING = YES;
				CLANG_WARN_BOOL_CONVERSION = YES;
				CLANG_WARN_COMMA = YES;
				CLANG_WARN_CONSTANT_CONVERSION = YES;
				CLANG_WARN_DEPRECATED_OBJC_IMPLEMENTATIONS = YES;
				CLANG_WARN_DIRECT_OBJC_ISA_USAGE = YES_ERROR;
				CLANG_WARN_DOCUMENTATION_COMMENTS = YES;
				CLANG_WARN_EMPTY_BODY = YES;
				CLANG_WARN_ENUM_CONVERSION = YES;
				CLANG_WARN_INFINITE_RECURSION = YES;
				CLANG_WARN_INT_CONVERSION = YES;
				CLANG_WARN_NON_LITERAL_NULL_CONVERSION = YES;
				CLANG_WARN_OBJC_IMPLICIT_RETAIN_SELF = YES;
				CLANG_WARN_OBJC_LITERAL_CONVERSION = YES;
				CLANG_WARN_OBJC_ROOT_CLASS = YES_ERROR;
				CLANG_WARN_RANGE_LOOP_ANALYSIS = YES;
				CLANG_WARN_STRICT_PROTOTYPES = YES;
				CLANG_WARN_SUSPICIOUS_MOVE = YES;
				CLANG_WARN_UNGUARDED_AVAILABILITY = YES_AGGRESSIVE;
				CLANG_WARN_UNREACHABLE_CODE = YES;
				CLANG_WARN__DUPLICATE_METHOD_MATCH = YES;
				CODE_SIGN_IDENTITY = "iPhone Developer";
				COPY_PHASE_STRIP = NO;
				DEBUG_INFORMATION_FORMAT = dwarf;
				ENABLE_STRICT_OBJC_MSGSEND = YES;
				ENABLE_TESTABILITY = YES;
				GCC_C_LANGUAGE_STANDARD = gnu11;
				GCC_DYNAMIC_NO_PIC = NO;
				GCC_NO_COMMON_BLOCKS = YES;
				GCC_OPTIMIZATION_LEVEL = 0;
				GCC_PREPROCESSOR_DEFINITIONS = (
					"DEBUG=1",
					"$(inherited)",
				);
				GCC_WARN_64_TO_32_BIT_CONVERSION = YES;
				GCC_WARN_ABOUT_RETURN_TYPE = YES_ERROR;
				GCC_WARN_UNDECLARED_SELECTOR = YES;
				GCC_WARN_UNINITIALIZED_AUTOS = YES_AGGRESSIVE;
				GCC_WARN_UNUSED_FUNCTION = YES;
				GCC_WARN_UNUSED_VARIABLE = YES;
				IPHONEOS_DEPLOYMENT_TARGET = 12.4;
				MTL_ENABLE_DEBUG_INFO = INCLUDE_SOURCE;
				MTL_FAST_MATH = YES;
				ONLY_ACTIVE_ARCH = YES;
				SDKROOT = iphoneos;
				SWIFT_ACTIVE_COMPILATION_CONDITIONS = DEBUG;
				SWIFT_OPTIMIZATION_LEVEL = "-Onone";
			};
			name = Debug;
		};
		C0E9E5D22327EC09000FA5EC /* Release */ = {
			isa = XCBuildConfiguration;
			buildSettings = {
				ALWAYS_SEARCH_USER_PATHS = NO;
				CLANG_ANALYZER_NONNULL = YES;
				CLANG_ANALYZER_NUMBER_OBJECT_CONVERSION = YES_AGGRESSIVE;
				CLANG_CXX_LANGUAGE_STANDARD = "gnu++14";
				CLANG_CXX_LIBRARY = "libc++";
				CLANG_ENABLE_MODULES = YES;
				CLANG_ENABLE_OBJC_ARC = YES;
				CLANG_ENABLE_OBJC_WEAK = YES;
				CLANG_WARN_BLOCK_CAPTURE_AUTORELEASING = YES;
				CLANG_WARN_BOOL_CONVERSION = YES;
				CLANG_WARN_COMMA = YES;
				CLANG_WARN_CONSTANT_CONVERSION = YES;
				CLANG_WARN_DEPRECATED_OBJC_IMPLEMENTATIONS = YES;
				CLANG_WARN_DIRECT_OBJC_ISA_USAGE = YES_ERROR;
				CLANG_WARN_DOCUMENTATION_COMMENTS = YES;
				CLANG_WARN_EMPTY_BODY = YES;
				CLANG_WARN_ENUM_CONVERSION = YES;
				CLANG_WARN_INFINITE_RECURSION = YES;
				CLANG_WARN_INT_CONVERSION = YES;
				CLANG_WARN_NON_LITERAL_NULL_CONVERSION = YES;
				CLANG_WARN_OBJC_IMPLICIT_RETAIN_SELF = YES;
				CLANG_WARN_OBJC_LITERAL_CONVERSION = YES;
				CLANG_WARN_OBJC_ROOT_CLASS = YES_ERROR;
				CLANG_WARN_RANGE_LOOP_ANALYSIS = YES;
				CLANG_WARN_STRICT_PROTOTYPES = YES;
				CLANG_WARN_SUSPICIOUS_MOVE = YES;
				CLANG_WARN_UNGUARDED_AVAILABILITY = YES_AGGRESSIVE;
				CLANG_WARN_UNREACHABLE_CODE = YES;
				CLANG_WARN__DUPLICATE_METHOD_MATCH = YES;
				CODE_SIGN_IDENTITY = "iPhone Developer";
				COPY_PHASE_STRIP = NO;
				DEBUG_INFORMATION_FORMAT = "dwarf-with-dsym";
				ENABLE_NS_ASSERTIONS = NO;
				ENABLE_STRICT_OBJC_MSGSEND = YES;
				GCC_C_LANGUAGE_STANDARD = gnu11;
				GCC_NO_COMMON_BLOCKS = YES;
				GCC_WARN_64_TO_32_BIT_CONVERSION = YES;
				GCC_WARN_ABOUT_RETURN_TYPE = YES_ERROR;
				GCC_WARN_UNDECLARED_SELECTOR = YES;
				GCC_WARN_UNINITIALIZED_AUTOS = YES_AGGRESSIVE;
				GCC_WARN_UNUSED_FUNCTION = YES;
				GCC_WARN_UNUSED_VARIABLE = YES;
				IPHONEOS_DEPLOYMENT_TARGET = 12.4;
				MTL_ENABLE_DEBUG_INFO = NO;
				MTL_FAST_MATH = YES;
				SDKROOT = iphoneos;
				SWIFT_COMPILATION_MODE = wholemodule;
				SWIFT_OPTIMIZATION_LEVEL = "-O";
				VALIDATE_PRODUCT = YES;
			};
			name = Release;
		};
		C0E9E5D42327EC09000FA5EC /* Debug */ = {
			isa = XCBuildConfiguration;
			buildSettings = {
				ASSETCATALOG_COMPILER_APPICON_NAME = AppIcon;
				CODE_SIGN_STYLE = Automatic;
				DEVELOPMENT_TEAM = 5ZKQTJL4C8;
				INFOPLIST_FILE = "I am rich/Info.plist";
				LD_RUNPATH_SEARCH_PATHS = (
					"$(inherited)",
					"@executable_path/Frameworks",
				);
				PRODUCT_BUNDLE_IDENTIFIER = "com.Martynas.I-am-rich";
				PRODUCT_NAME = "$(TARGET_NAME)";
				SWIFT_VERSION = 5.0;
				TARGETED_DEVICE_FAMILY = 1;
			};
			name = Debug;
		};
		C0E9E5D52327EC09000FA5EC /* Release */ = {
			isa = XCBuildConfiguration;
			buildSettings = {
				ASSETCATALOG_COMPILER_APPICON_NAME = AppIcon;
				CODE_SIGN_STYLE = Automatic;
				DEVELOPMENT_TEAM = 5ZKQTJL4C8;
				INFOPLIST_FILE = "I am rich/Info.plist";
				LD_RUNPATH_SEARCH_PATHS = (
					"$(inherited)",
					"@executable_path/Frameworks",
				);
				PRODUCT_BUNDLE_IDENTIFIER = "com.Martynas.I-am-rich";
				PRODUCT_NAME = "$(TARGET_NAME)";
				SWIFT_VERSION = 5.0;
				TARGETED_DEVICE_FAMILY = 1;
			};
			name = Release;
		};
/* End XCBuildConfiguration section */

/* Begin XCConfigurationList section */
		C0E9E5BC2327EBFF000FA5EC /* Build configuration list for PBXProject "I am rich" */ = {
			isa = XCConfigurationList;
			buildConfigurations = (
				C0E9E5D12327EC09000FA5EC /* Debug */,
				C0E9E5D22327EC09000FA5EC /* Release */,
			);
			defaultConfigurationIsVisible = 0;
			defaultConfigurationName = Release;
		};
		C0E9E5D32327EC09000FA5EC /* Build configuration list for PBXNativeTarget "I am rich" */ = {
			isa = XCConfigurationList;
			buildConfigurations = (
				C0E9E5D42327EC09000FA5EC /* Debug */,
				C0E9E5D52327EC09000FA5EC /* Release */,
			);
			defaultConfigurationIsVisible = 0;
			defaultConfigurationName = Release;
		};
/* End XCConfigurationList section */
	};
	rootObject = C0E9E5B92327EBFF000FA5EC /* Project object */;
}
